
Microsoft Visual Studio Solution File, Format Version 9.00
# Visual Studio 2005
Project("{FAE04EC0-301F-11D3-BF4B-00C04F79EFBC}") = "CShrpSqlServerSp", "CShrpSqlServerSp\CShrpSqlServerSp.csproj", "{D5D6F359-1133-49C8-B003-70CD35987574}"
EndProject
Global
	GlobalSection(SolutionConfigurationPlatforms) = preSolution
		Debug|Any CPU = Debug|Any CPU
		Release|Any CPU = Release|Any CPU
	EndGlobalSection
	GlobalSection(ProjectConfigurationPlatforms) = postSolution
		{D5D6F359-1133-49C8-B003-70CD35987574}.Debug|Any CPU.ActiveCfg = Debug|Any CPU
		{D5D6F359-1133-49C8-B003-70CD35987574}.Debug|Any CPU.Build.0 = Debug|Any CPU
		{D5D6F359-1133-49C8-B003-70CD35987574}.Debug|Any CPU.Deploy.0 = Debug|Any CPU
		{D5D6F359-1133-49C8-B003-70CD35987574}.Release|Any CPU.ActiveCfg = Release|Any CPU
		{D5D6F359-1133-49C8-B003-70CD35987574}.Release|Any CPU.Build.0 = Release|Any CPU
		{D5D6F359-1133-49C8-B003-70CD35987574}.Release|Any CPU.Deploy.0 = Release|Any CPU
	EndGlobalSection
	GlobalSection(SolutionProperties) = preSolution
		HideSolutionNode = FALSE
	EndGlobalSection
EndGlobal
